
Microsoft Visual Studio Solution File, Format Version 12.00
# Visual Studio Version 16
VisualStudioVersion = 16.0.30320.27
MinimumVisualStudioVersion = 10.0.40219.1
Project("{FAE04EC0-301F-11D3-BF4B-00C04F79EFBC}") = "MyPayProject", "MyPayProject\MyPayProject.csproj", "{ED38AFC2-DD31-4866-9A33-85BF567C7959}"
EndProject
Project("{FAE04EC0-301F-11D3-BF4B-00C04F79EFBC}") = "MyPayNUnitTestProject", "MyPayNUnitTestProject\MyPayNUnitTestProject.csproj", "{286786C5-BB58-41FC-9710-6CE0A629403A}"
EndProject
Global
	GlobalSection(SolutionConfigurationPlatforms) = preSolution
		Debug|Any CPU = Debug|Any CPU
		Release|Any CPU = Release|Any CPU
	EndGlobalSection
	GlobalSection(ProjectConfigurationPlatforms) = postSolution
		{ED38AFC2-DD31-4866-9A33-85BF567C7959}.Debug|Any CPU.ActiveCfg = Debug|Any CPU
		{ED38AFC2-DD31-4866-9A33-85BF567C7959}.Debug|Any CPU.Build.0 = Debug|Any CPU
		{ED38AFC2-DD31-4866-9A33-85BF567C7959}.Release|Any CPU.ActiveCfg = Release|Any CPU
		{ED38AFC2-DD31-4866-9A33-85BF567C7959}.Release|Any CPU.Build.0 = Release|Any CPU
		{286786C5-BB58-41FC-9710-6CE0A629403A}.Debug|Any CPU.ActiveCfg = Debug|Any CPU
		{286786C5-BB58-41FC-9710-6CE0A629403A}.Debug|Any CPU.Build.0 = Debug|Any CPU
		{286786C5-BB58-41FC-9710-6CE0A629403A}.Release|Any CPU.ActiveCfg = Release|Any CPU
		{286786C5-BB58-41FC-9710-6CE0A629403A}.Release|Any CPU.Build.0 = Release|Any CPU
	EndGlobalSection
	GlobalSection(SolutionProperties) = preSolution
		HideSolutionNode = FALSE
	EndGlobalSection
	GlobalSection(ExtensibilityGlobals) = postSolution
		SolutionGuid = {E05AEB34-19A5-4569-BE07-1AD088275515}
	EndGlobalSection
EndGlobal
